
Microsoft Visual Studio Solution File, Format Version 12.00
# Visual Studio 15
VisualStudioVersion = 15.0.26403.7
MinimumVisualStudioVersion = 10.0.40219.1
Project("{FAE04EC0-301F-11D3-BF4B-00C04F79EFBC}") = "Drivers", "TestJWT\Drivers.csproj", "{B6D187CA-758B-4DCA-9A5D-DEF449EE789F}"
EndProject
Project("{E53339B2-1760-4266-BCC7-CA923CBCF16C}") = "docker-compose", "docker-compose.dcproj", "{899210AF-B0A6-4A28-93A8-59D3DCD0763E}"
EndProject
Global
	GlobalSection(SolutionConfigurationPlatforms) = preSolution
		Debug|Any CPU = Debug|Any CPU
		Release|Any CPU = Release|Any CPU
	EndGlobalSection
	GlobalSection(ProjectConfigurationPlatforms) = postSolution
		{B6D187CA-758B-4DCA-9A5D-DEF449EE789F}.Debug|Any CPU.ActiveCfg = Debug|Any CPU
		{B6D187CA-758B-4DCA-9A5D-DEF449EE789F}.Debug|Any CPU.Build.0 = Debug|Any CPU
		{B6D187CA-758B-4DCA-9A5D-DEF449EE789F}.Release|Any CPU.ActiveCfg = Release|Any CPU
		{B6D187CA-758B-4DCA-9A5D-DEF449EE789F}.Release|Any CPU.Build.0 = Release|Any CPU
		{899210AF-B0A6-4A28-93A8-59D3DCD0763E}.Debug|Any CPU.ActiveCfg = Debug|Any CPU
		{899210AF-B0A6-4A28-93A8-59D3DCD0763E}.Debug|Any CPU.Build.0 = Debug|Any CPU
		{899210AF-B0A6-4A28-93A8-59D3DCD0763E}.Release|Any CPU.ActiveCfg = Release|Any CPU
		{899210AF-B0A6-4A28-93A8-59D3DCD0763E}.Release|Any CPU.Build.0 = Release|Any CPU
	EndGlobalSection
	GlobalSection(SolutionProperties) = preSolution
		HideSolutionNode = FALSE
	EndGlobalSection
EndGlobal
